
Microsoft Visual Studio Solution File, Format Version 12.00
# Visual Studio Version 16
VisualStudioVersion = 16.0.29215.179
MinimumVisualStudioVersion = 10.0.40219.1
Project("{FAE04EC0-301F-11D3-BF4B-00C04F79EFBC}") = "webMotors-backEnd", "webMotors-backEnd\webMotors-backEnd.csproj", "{2B285215-9A20-491F-A61F-C18D7162DA8C}"
EndProject
Global
	GlobalSection(SolutionConfigurationPlatforms) = preSolution
		Debug|Any CPU = Debug|Any CPU
		Release|Any CPU = Release|Any CPU
	EndGlobalSection
	GlobalSection(ProjectConfigurationPlatforms) = postSolution
		{2B285215-9A20-491F-A61F-C18D7162DA8C}.Debug|Any CPU.ActiveCfg = Debug|Any CPU
		{2B285215-9A20-491F-A61F-C18D7162DA8C}.Debug|Any CPU.Build.0 = Debug|Any CPU
		{2B285215-9A20-491F-A61F-C18D7162DA8C}.Release|Any CPU.ActiveCfg = Release|Any CPU
		{2B285215-9A20-491F-A61F-C18D7162DA8C}.Release|Any CPU.Build.0 = Release|Any CPU
	EndGlobalSection
	GlobalSection(SolutionProperties) = preSolution
		HideSolutionNode = FALSE
	EndGlobalSection
	GlobalSection(ExtensibilityGlobals) = postSolution
		SolutionGuid = {72AC367A-8A80-48AE-8E7F-F7EA203FC57D}
	EndGlobalSection
EndGlobal
